
Microsoft Visual Studio Solution File, Format Version 12.00
# Visual Studio Version 17
VisualStudioVersion = 17.2.32602.215
MinimumVisualStudioVersion = 10.0.40219.1
Project("{FAE04EC0-301F-11D3-BF4B-00C04F79EFBC}") = "WOA_Fibonacci", "WOA_Fibonacci\WOA_Fibonacci.csproj", "{ABC28F8A-307E-417E-92B1-F89903EBD0B2}"
EndProject
Global
	GlobalSection(SolutionConfigurationPlatforms) = preSolution
		Debug|Any CPU = Debug|Any CPU
		Release|Any CPU = Release|Any CPU
	EndGlobalSection
	GlobalSection(ProjectConfigurationPlatforms) = postSolution
		{ABC28F8A-307E-417E-92B1-F89903EBD0B2}.Debug|Any CPU.ActiveCfg = Debug|Any CPU
		{ABC28F8A-307E-417E-92B1-F89903EBD0B2}.Debug|Any CPU.Build.0 = Debug|Any CPU
		{ABC28F8A-307E-417E-92B1-F89903EBD0B2}.Release|Any CPU.ActiveCfg = Release|Any CPU
		{ABC28F8A-307E-417E-92B1-F89903EBD0B2}.Release|Any CPU.Build.0 = Release|Any CPU
	EndGlobalSection
	GlobalSection(SolutionProperties) = preSolution
		HideSolutionNode = FALSE
	EndGlobalSection
	GlobalSection(ExtensibilityGlobals) = postSolution
		SolutionGuid = {070A62B7-5B5D-4221-A262-3CEDE27F7E31}
	EndGlobalSection
EndGlobal
